
Microsoft Visual Studio Solution File, Format Version 12.00
# Visual Studio Express 2013 for Windows Desktop
VisualStudioVersion = 12.0.21005.1
MinimumVisualStudioVersion = 10.0.40219.1
Project("{8BC9CEB8-8B4A-11D0-8D11-00A0C91BC942}") = "001 using", "001 using\001 using.vcxproj", "{DF411D04-E55C-4055-BE7C-DF7CC06B765B}"
EndProject
Project("{8BC9CEB8-8B4A-11D0-8D11-00A0C91BC942}") = "002 namespace 정의", "002 namespace 정의\002 namespace 정의.vcxproj", "{7F4A6FBA-5502-4171-BD51-FFBB809E4206}"
EndProject
Project("{8BC9CEB8-8B4A-11D0-8D11-00A0C91BC942}") = "003 namespace 다중파일 영역추가", "003 namespace 다중파일 영역추가\003 namespace 다중파일 영역추가.vcxproj", "{B60B6D24-425B-482D-9E91-E3AC119226FA}"
EndProject
Global
	GlobalSection(SolutionConfigurationPlatforms) = preSolution
		Debug|Win32 = Debug|Win32
		Release|Win32 = Release|Win32
	EndGlobalSection
	GlobalSection(ProjectConfigurationPlatforms) = postSolution
		{DF411D04-E55C-4055-BE7C-DF7CC06B765B}.Debug|Win32.ActiveCfg = Debug|Win32
		{DF411D04-E55C-4055-BE7C-DF7CC06B765B}.Debug|Win32.Build.0 = Debug|Win32
		{DF411D04-E55C-4055-BE7C-DF7CC06B765B}.Release|Win32.ActiveCfg = Release|Win32
		{DF411D04-E55C-4055-BE7C-DF7CC06B765B}.Release|Win32.Build.0 = Release|Win32
		{7F4A6FBA-5502-4171-BD51-FFBB809E4206}.Debug|Win32.ActiveCfg = Debug|Win32
		{7F4A6FBA-5502-4171-BD51-FFBB809E4206}.Debug|Win32.Build.0 = Debug|Win32
		{7F4A6FBA-5502-4171-BD51-FFBB809E4206}.Release|Win32.ActiveCfg = Release|Win32
		{7F4A6FBA-5502-4171-BD51-FFBB809E4206}.Release|Win32.Build.0 = Release|Win32
		{B60B6D24-425B-482D-9E91-E3AC119226FA}.Debug|Win32.ActiveCfg = Debug|Win32
		{B60B6D24-425B-482D-9E91-E3AC119226FA}.Debug|Win32.Build.0 = Debug|Win32
		{B60B6D24-425B-482D-9E91-E3AC119226FA}.Release|Win32.ActiveCfg = Release|Win32
		{B60B6D24-425B-482D-9E91-E3AC119226FA}.Release|Win32.Build.0 = Release|Win32
	EndGlobalSection
	GlobalSection(SolutionProperties) = preSolution
		HideSolutionNode = FALSE
	EndGlobalSection
EndGlobal
