
Microsoft Visual Studio Solution File, Format Version 12.00
# Visual Studio Express 2013 for Windows Desktop
VisualStudioVersion = 12.0.21005.1
MinimumVisualStudioVersion = 10.0.40219.1
Project("{8BC9CEB8-8B4A-11D0-8D11-00A0C91BC942}") = "001 2차 배열", "001 2차 배열\001 2차 배열.vcxproj", "{6A7ADB46-237F-4411-9C1D-7FE09920CD39}"
EndProject
Project("{8BC9CEB8-8B4A-11D0-8D11-00A0C91BC942}") = "002 2차 배열 함수 인자로 전달", "002 2차 배열 함수 인자로 전달\002 2차 배열 함수 인자로 전달.vcxproj", "{7448A803-DBE2-4B0C-B9D9-5D814EFD6C68}"
EndProject
Project("{8BC9CEB8-8B4A-11D0-8D11-00A0C91BC942}") = "003 2차 배열 문자열 함수 인자로 전달", "003 2차 배열 문자열 함수 인자로 전달\003 2차 배열 문자열 함수 인자로 전달.vcxproj", "{9F882E0D-F6D1-45FB-B471-A4B9791B36E3}"
EndProject
Global
	GlobalSection(SolutionConfigurationPlatforms) = preSolution
		Debug|Win32 = Debug|Win32
		Release|Win32 = Release|Win32
	EndGlobalSection
	GlobalSection(ProjectConfigurationPlatforms) = postSolution
		{6A7ADB46-237F-4411-9C1D-7FE09920CD39}.Debug|Win32.ActiveCfg = Debug|Win32
		{6A7ADB46-237F-4411-9C1D-7FE09920CD39}.Debug|Win32.Build.0 = Debug|Win32
		{6A7ADB46-237F-4411-9C1D-7FE09920CD39}.Release|Win32.ActiveCfg = Release|Win32
		{6A7ADB46-237F-4411-9C1D-7FE09920CD39}.Release|Win32.Build.0 = Release|Win32
		{7448A803-DBE2-4B0C-B9D9-5D814EFD6C68}.Debug|Win32.ActiveCfg = Debug|Win32
		{7448A803-DBE2-4B0C-B9D9-5D814EFD6C68}.Debug|Win32.Build.0 = Debug|Win32
		{7448A803-DBE2-4B0C-B9D9-5D814EFD6C68}.Release|Win32.ActiveCfg = Release|Win32
		{7448A803-DBE2-4B0C-B9D9-5D814EFD6C68}.Release|Win32.Build.0 = Release|Win32
		{9F882E0D-F6D1-45FB-B471-A4B9791B36E3}.Debug|Win32.ActiveCfg = Debug|Win32
		{9F882E0D-F6D1-45FB-B471-A4B9791B36E3}.Debug|Win32.Build.0 = Debug|Win32
		{9F882E0D-F6D1-45FB-B471-A4B9791B36E3}.Release|Win32.ActiveCfg = Release|Win32
		{9F882E0D-F6D1-45FB-B471-A4B9791B36E3}.Release|Win32.Build.0 = Release|Win32
	EndGlobalSection
	GlobalSection(SolutionProperties) = preSolution
		HideSolutionNode = FALSE
	EndGlobalSection
EndGlobal
